// !$*UTF8*$!
{
	archiveVersion = 1;
	classes = {
	};
	objectVersion = 50;
	objects = {

/* Begin PBXBuildFile section */
		964FA362246951FF00F694C3 /* dingwrong.wav in Resources */ = {isa = PBXBuildFile; fileRef = 964FA35D246951FF00F694C3 /* dingwrong.wav */; };
		964FA363246951FF00F694C3 /* shuffle.wav in Resources */ = {isa = PBXBuildFile; fileRef = 964FA35E246951FF00F694C3 /* shuffle.wav */; };
		964FA365246951FF00F694C3 /* cardflip.wav in Resources */ = {isa = PBXBuildFile; fileRef = 964FA360246951FF00F694C3 /* cardflip.wav */; };
		964FA366246951FF00F694C3 /* dingcorrect.wav in Resources */ = {isa = PBXBuildFile; fileRef = 964FA361246951FF00F694C3 /* dingcorrect.wav */; };
		964FA3682469524500F694C3 /* SoundManager.swift in Sources */ = {isa = PBXBuildFile; fileRef = 964FA3672469524500F694C3 /* SoundManager.swift */; };
		964FE2D22467E00F007E71E1 /* CardCollectionViewCell.swift in Sources */ = {isa = PBXBuildFile; fileRef = 964FE2D12467E00F007E71E1 /* CardCollectionViewCell.swift */; };
		9652A20124673891003ABD63 /* AppDelegate.swift in Sources */ = {isa = PBXBuildFile; fileRef = 9652A20024673891003ABD63 /* AppDelegate.swift */; };
		9652A20324673891003ABD63 /* SceneDelegate.swift in Sources */ = {isa = PBXBuildFile; fileRef = 9652A20224673891003ABD63 /* SceneDelegate.swift */; };
		9652A20524673891003ABD63 /* ViewController.swift in Sources */ = {isa = PBXBuildFile; fileRef = 9652A20424673891003ABD63 /* ViewController.swift */; };
		9652A20824673891003ABD63 /* Main.storyboard in Resources */ = {isa = PBXBuildFile; fileRef = 9652A20624673891003ABD63 /* Main.storyboard */; };
		9652A20A24673896003ABD63 /* Assets.xcassets in Resources */ = {isa = PBXBuildFile; fileRef = 9652A20924673896003ABD63 /* Assets.xcassets */; };
		9652A20D24673896003ABD63 /* LaunchScreen.storyboard in Resources */ = {isa = PBXBuildFile; fileRef = 9652A20B24673896003ABD63 /* LaunchScreen.storyboard */; };
		9652A215246754DB003ABD63 /* CardModel.swift in Sources */ = {isa = PBXBuildFile; fileRef = 9652A214246754DB003ABD63 /* CardModel.swift */; };
		9652A21724675591003ABD63 /* Card.swift in Sources */ = {isa = PBXBuildFile; fileRef = 9652A21624675591003ABD63 /* Card.swift */; };
/* End PBXBuildFile section */

/* Begin PBXFileReference section */
		964FA35D246951FF00F694C3 /* dingwrong.wav */ = {isa = PBXFileReference; lastKnownFileType = audio.wav; path = dingwrong.wav; sourceTree = "<group>"; };
		964FA35E246951FF00F694C3 /* shuffle.wav */ = {isa = PBXFileReference; lastKnownFileType = audio.wav; path = shuffle.wav; sourceTree = "<group>"; };
		964FA360246951FF00F694C3 /* cardflip.wav */ = {isa = PBXFileReference; lastKnownFileType = audio.wav; path = cardflip.wav; sourceTree = "<group>"; };
		964FA361246951FF00F694C3 /* dingcorrect.wav */ = {isa = PBXFileReference; lastKnownFileType = audio.wav; path = dingcorrect.wav; sourceTree = "<group>"; };
		964FA3672469524500F694C3 /* SoundManager.swift */ = {isa = PBXFileReference; lastKnownFileType = sourcecode.swift; path = SoundManager.swift; sourceTree = "<group>"; };
		964FE2D12467E00F007E71E1 /* CardCollectionViewCell.swift */ = {isa = PBXFileReference; lastKnownFileType = sourcecode.swift; path = CardCollectionViewCell.swift; sourceTree = "<group>"; };
		9652A1FD24673891003ABD63 /* MatchApp.app */ = {isa = PBXFileReference; explicitFileType = wrapper.application; includeInIndex = 0; path = MatchApp.app; sourceTree = BUILT_PRODUCTS_DIR; };
		9652A20024673891003ABD63 /* AppDelegate.swift */ = {isa = PBXFileReference; lastKnownFileType = sourcecode.swift; path = AppDelegate.swift; sourceTree = "<group>"; };
		9652A20224673891003ABD63 /* SceneDelegate.swift */ = {isa = PBXFileReference; lastKnownFileType = sourcecode.swift; path = SceneDelegate.swift; sourceTree = "<group>"; };
		9652A20424673891003ABD63 /* ViewController.swift */ = {isa = PBXFileReference; lastKnownFileType = sourcecode.swift; path = ViewController.swift; sourceTree = "<group>"; };
		9652A20724673891003ABD63 /* Base */ = {isa = PBXFileReference; lastKnownFileType = file.storyboard; name = Base; path = Base.lproj/Main.storyboard; sourceTree = "<group>"; };
		9652A20924673896003ABD63 /* Assets.xcassets */ = {isa = PBXFileReference; lastKnownFileType = folder.assetcatalog; path = Assets.xcassets; sourceTree = "<group>"; };
		9652A20C24673896003ABD63 /* Base */ = {isa = PBXFileReference; lastKnownFileType = file.storyboard; name = Base; path = Base.lproj/LaunchScreen.storyboard; sourceTree = "<group>"; };
		9652A20E24673896003ABD63 /* Info.plist */ = {isa = PBXFileReference; lastKnownFileType = text.plist.xml; path = Info.plist; sourceTree = "<group>"; };
		9652A214246754DB003ABD63 /* CardModel.swift */ = {isa = PBXFileReference; lastKnownFileType = sourcecode.swift; path = CardModel.swift; sourceTree = "<group>"; };
		9652A21624675591003ABD63 /* Card.swift */ = {isa = PBXFileReference; lastKnownFileType = sourcecode.swift; path = Card.swift; sourceTree = "<group>"; };
/* End PBXFileReference section */

/* Begin PBXFrameworksBuildPhase section */
		9652A1FA24673891003ABD63 /* Frameworks */ = {
			isa = PBXFrameworksBuildPhase;
			buildActionMask = 2147483647;
			files = (
			);
			runOnlyForDeploymentPostprocessing = 0;
		};
/* End PBXFrameworksBuildPhase section */

/* Begin PBXGroup section */
		964FA35C246951DD00F694C3 /* Sounds */ = {
			isa = PBXGroup;
			children = (
				964FA360246951FF00F694C3 /* cardflip.wav */,
				964FA361246951FF00F694C3 /* dingcorrect.wav */,
				964FA35D246951FF00F694C3 /* dingwrong.wav */,
				964FA35E246951FF00F694C3 /* shuffle.wav */,
			);
			path = Sounds;
			sourceTree = "<group>";
		};
		9652A1F424673891003ABD63 = {
			isa = PBXGroup;
			children = (
				9652A1FF24673891003ABD63 /* MatchApp */,
				9652A1FE24673891003ABD63 /* Products */,
			);
			sourceTree = "<group>";
		};
		9652A1FE24673891003ABD63 /* Products */ = {
			isa = PBXGroup;
			children = (
				9652A1FD24673891003ABD63 /* MatchApp.app */,
			);
			name = Products;
			sourceTree = "<group>";
		};
		9652A1FF24673891003ABD63 /* MatchApp */ = {
			isa = PBXGroup;
			children = (
				964FA35C246951DD00F694C3 /* Sounds */,
				9652A20024673891003ABD63 /* AppDelegate.swift */,
				9652A20224673891003ABD63 /* SceneDelegate.swift */,
				9652A20424673891003ABD63 /* ViewController.swift */,
				9652A20624673891003ABD63 /* Main.storyboard */,
				9652A20924673896003ABD63 /* Assets.xcassets */,
				9652A20B24673896003ABD63 /* LaunchScreen.storyboard */,
				9652A20E24673896003ABD63 /* Info.plist */,
				9652A214246754DB003ABD63 /* CardModel.swift */,
				9652A21624675591003ABD63 /* Card.swift */,
				964FE2D12467E00F007E71E1 /* CardCollectionViewCell.swift */,
				964FA3672469524500F694C3 /* SoundManager.swift */,
			);
			path = MatchApp;
			sourceTree = "<group>";
		};
/* End PBXGroup section */

/* Begin PBXNativeTarget section */
		9652A1FC24673891003ABD63 /* MatchApp */ = {
			isa = PBXNativeTarget;
			buildConfigurationList = 9652A21124673896003ABD63 /* Build configuration list for PBXNativeTarget "MatchApp" */;
			buildPhases = (
				9652A1F924673891003ABD63 /* Sources */,
				9652A1FA24673891003ABD63 /* Frameworks */,
				9652A1FB24673891003ABD63 /* Resources */,
			);
			buildRules = (
			);
			dependencies = (
			);
			name = MatchApp;
			productName = MatchApp;
			productReference = 9652A1FD24673891003ABD63 /* MatchApp.app */;
			productType = "com.apple.product-type.application";
		};
/* End PBXNativeTarget section */

/* Begin PBXProject section */
		9652A1F524673891003ABD63 /* Project object */ = {
			isa = PBXProject;
			attributes = {
				LastSwiftUpdateCheck = 1140;
				LastUpgradeCheck = 1140;
				ORGANIZATIONNAME = "Sanviraj Zahin Haque";
				TargetAttributes = {
					9652A1FC24673891003ABD63 = {
						CreatedOnToolsVersion = 11.4.1;
					};
				};
			};
			buildConfigurationList = 9652A1F824673891003ABD63 /* Build configuration list for PBXProject "MatchApp" */;
			compatibilityVersion = "Xcode 9.3";
			developmentRegion = en;
			hasScannedForEncodings = 0;
			knownRegions = (
				en,
				Base,
			);
			mainGroup = 9652A1F424673891003ABD63;
			productRefGroup = 9652A1FE24673891003ABD63 /* Products */;
			projectDirPath = "";
			projectRoot = "";
			targets = (
				9652A1FC24673891003ABD63 /* MatchApp */,
			);
		};
/* End PBXProject section */

/* Begin PBXResourcesBuildPhase section */
		9652A1FB24673891003ABD63 /* Resources */ = {
			isa = PBXResourcesBuildPhase;
			buildActionMask = 2147483647;
			files = (
				964FA362246951FF00F694C3 /* dingwrong.wav in Resources */,
				9652A20D24673896003ABD63 /* LaunchScreen.storyboard in Resources */,
				964FA365246951FF00F694C3 /* cardflip.wav in Resources */,
				9652A20A24673896003ABD63 /* Assets.xcassets in Resources */,
				9652A20824673891003ABD63 /* Main.storyboard in Resources */,
				964FA363246951FF00F694C3 /* shuffle.wav in Resources */,
				964FA366246951FF00F694C3 /* dingcorrect.wav in Resources */,
			);
			runOnlyForDeploymentPostprocessing = 0;
		};
/* End PBXResourcesBuildPhase section */

/* Begin PBXSourcesBuildPhase section */
		9652A1F924673891003ABD63 /* Sources */ = {
			isa = PBXSourcesBuildPhase;
			buildActionMask = 2147483647;
			files = (
				9652A20524673891003ABD63 /* ViewController.swift in Sources */,
				9652A215246754DB003ABD63 /* CardModel.swift in Sources */,
				9652A21724675591003ABD63 /* Card.swift in Sources */,
				9652A20124673891003ABD63 /* AppDelegate.swift in Sources */,
				964FE2D22467E00F007E71E1 /* CardCollectionViewCell.swift in Sources */,
				964FA3682469524500F694C3 /* SoundManager.swift in Sources */,
				9652A20324673891003ABD63 /* SceneDelegate.swift in Sources */,
			);
			runOnlyForDeploymentPostprocessing = 0;
		};
/* End PBXSourcesBuildPhase section */

/* Begin PBXVariantGroup section */
		9652A20624673891003ABD63 /* Main.storyboard */ = {
			isa = PBXVariantGroup;
			children = (
				9652A20724673891003ABD63 /* Base */,
			);
			name = Main.storyboard;
			sourceTree = "<group>";
		};
		9652A20B24673896003ABD63 /* LaunchScreen.storyboard */ = {
			isa = PBXVariantGroup;
			children = (
				9652A20C24673896003ABD63 /* Base */,
			);
			name = LaunchScreen.storyboard;
			sourceTree = "<group>";
		};
/* End PBXVariantGroup section */

/* Begin XCBuildConfiguration section */
		9652A20F24673896003ABD63 /* Debug */ = {
			isa = XCBuildConfiguration;
			buildSettings = {
				ALWAYS_SEARCH_USER_PATHS = NO;
				CLANG_ANALYZER_NONNULL = YES;
				CLANG_ANALYZER_NUMBER_OBJECT_CONVERSION = YES_AGGRESSIVE;
				CLANG_CXX_LANGUAGE_STANDARD = "gnu++14";
				CLANG_CXX_LIBRARY = "libc++";
				CLANG_ENABLE_MODULES = YES;
				CLANG_ENABLE_OBJC_ARC = YES;
				CLANG_ENABLE_OBJC_WEAK = YES;
				CLANG_WARN_BLOCK_CAPTURE_AUTORELEASING = YES;
				CLANG_WARN_BOOL_CONVERSION = YES;
				CLANG_WARN_COMMA = YES;
				CLANG_WARN_CONSTANT_CONVERSION = YES;
				CLANG_WARN_DEPRECATED_OBJC_IMPLEMENTATIONS = YES;
				CLANG_WARN_DIRECT_OBJC_ISA_USAGE = YES_ERROR;
				CLANG_WARN_DOCUMENTATION_COMMENTS = YES;
				CLANG_WARN_EMPTY_BODY = YES;
				CLANG_WARN_ENUM_CONVERSION = YES;
				CLANG_WARN_INFINITE_RECURSION = YES;
				CLANG_WARN_INT_CONVERSION = YES;
				CLANG_WARN_NON_LITERAL_NULL_CONVERSION = YES;
				CLANG_WARN_OBJC_IMPLICIT_RETAIN_SELF = YES;
				CLANG_WARN_OBJC_LITERAL_CONVERSION = YES;
				CLANG_WARN_OBJC_ROOT_CLASS = YES_ERROR;
				CLANG_WARN_RANGE_LOOP_ANALYSIS = YES;
				CLANG_WARN_STRICT_PROTOTYPES = YES;
				CLANG_WARN_SUSPICIOUS_MOVE = YES;
				CLANG_WARN_UNGUARDED_AVAILABILITY = YES_AGGRESSIVE;
				CLANG_WARN_UNREACHABLE_CODE = YES;
				CLANG_WARN__DUPLICATE_METHOD_MATCH = YES;
				COPY_PHASE_STRIP = NO;
				DEBUG_INFORMATION_FORMAT = dwarf;
				ENABLE_STRICT_OBJC_MSGSEND = YES;
				ENABLE_TESTABILITY = YES;
				GCC_C_LANGUAGE_STANDARD = gnu11;
				GCC_DYNAMIC_NO_PIC = NO;
				GCC_NO_COMMON_BLOCKS = YES;
				GCC_OPTIMIZATION_LEVEL = 0;
				GCC_PREPROCESSOR_DEFINITIONS = (
					"DEBUG=1",
					"$(inherited)",
				);
				GCC_WARN_64_TO_32_BIT_CONVERSION = YES;
				GCC_WARN_ABOUT_RETURN_TYPE = YES_ERROR;
				GCC_WARN_UNDECLARED_SELECTOR = YES;
				GCC_WARN_UNINITIALIZED_AUTOS = YES_AGGRESSIVE;
				GCC_WARN_UNUSED_FUNCTION = YES;
				GCC_WARN_UNUSED_VARIABLE = YES;
				IPHONEOS_DEPLOYMENT_TARGET = 13.4;
				MTL_ENABLE_DEBUG_INFO = INCLUDE_SOURCE;
				MTL_FAST_MATH = YES;
				ONLY_ACTIVE_ARCH = YES;
				SDKROOT = iphoneos;
				SWIFT_ACTIVE_COMPILATION_CONDITIONS = DEBUG;
				SWIFT_OPTIMIZATION_LEVEL = "-Onone";
			};
			name = Debug;
		};
		9652A21024673896003ABD63 /* Release */ = {
			isa = XCBuildConfiguration;
			buildSettings = {
				ALWAYS_SEARCH_USER_PATHS = NO;
				CLANG_ANALYZER_NONNULL = YES;
				CLANG_ANALYZER_NUMBER_OBJECT_CONVERSION = YES_AGGRESSIVE;
				CLANG_CXX_LANGUAGE_STANDARD = "gnu++14";
				CLANG_CXX_LIBRARY = "libc++";
				CLANG_ENABLE_MODULES = YES;
				CLANG_ENABLE_OBJC_ARC = YES;
				CLANG_ENABLE_OBJC_WEAK = YES;
				CLANG_WARN_BLOCK_CAPTURE_AUTORELEASING = YES;
				CLANG_WARN_BOOL_CONVERSION = YES;
				CLANG_WARN_COMMA = YES;
				CLANG_WARN_CONSTANT_CONVERSION = YES;
				CLANG_WARN_DEPRECATED_OBJC_IMPLEMENTATIONS = YES;
				CLANG_WARN_DIRECT_OBJC_ISA_USAGE = YES_ERROR;
				CLANG_WARN_DOCUMENTATION_COMMENTS = YES;
				CLANG_WARN_EMPTY_BODY = YES;
				CLANG_WARN_ENUM_CONVERSION = YES;
				CLANG_WARN_INFINITE_RECURSION = YES;
				CLANG_WARN_INT_CONVERSION = YES;
				CLANG_WARN_NON_LITERAL_NULL_CONVERSION = YES;
				CLANG_WARN_OBJC_IMPLICIT_RETAIN_SELF = YES;
				CLANG_WARN_OBJC_LITERAL_CONVERSION = YES;
				CLANG_WARN_OBJC_ROOT_CLASS = YES_ERROR;
				CLANG_WARN_RANGE_LOOP_ANALYSIS = YES;
				CLANG_WARN_STRICT_PROTOTYPES = YES;
				CLANG_WARN_SUSPICIOUS_MOVE = YES;
				CLANG_WARN_UNGUARDED_AVAILABILITY = YES_AGGRESSIVE;
				CLANG_WARN_UNREACHABLE_CODE = YES;
				CLANG_WARN__DUPLICATE_METHOD_MATCH = YES;
				COPY_PHASE_STRIP = NO;
				DEBUG_INFORMATION_FORMAT = "dwarf-with-dsym";
				ENABLE_NS_ASSERTIONS = NO;
				ENABLE_STRICT_OBJC_MSGSEND = YES;
				GCC_C_LANGUAGE_STANDARD = gnu11;
				GCC_NO_COMMON_BLOCKS = YES;
				GCC_WARN_64_TO_32_BIT_CONVERSION = YES;
				GCC_WARN_ABOUT_RETURN_TYPE = YES_ERROR;
				GCC_WARN_UNDECLARED_SELECTOR = YES;
				GCC_WARN_UNINITIALIZED_AUTOS = YES_AGGRESSIVE;
				GCC_WARN_UNUSED_FUNCTION = YES;
				GCC_WARN_UNUSED_VARIABLE = YES;
				IPHONEOS_DEPLOYMENT_TARGET = 13.4;
				MTL_ENABLE_DEBUG_INFO = NO;
				MTL_FAST_MATH = YES;
				SDKROOT = iphoneos;
				SWIFT_COMPILATION_MODE = wholemodule;
				SWIFT_OPTIMIZATION_LEVEL = "-O";
				VALIDATE_PRODUCT = YES;
			};
			name = Release;
		};
		9652A21224673896003ABD63 /* Debug */ = {
			isa = XCBuildConfiguration;
			buildSettings = {
				ASSETCATALOG_COMPILER_APPICON_NAME = AppIcon;
				CODE_SIGN_STYLE = Automatic;
				INFOPLIST_FILE = MatchApp/Info.plist;
				LD_RUNPATH_SEARCH_PATHS = (
					"$(inherited)",
					"@executable_path/Frameworks",
				);
				PRODUCT_BUNDLE_IDENTIFIER = com.hello.MatchApp;
				PRODUCT_NAME = "$(TARGET_NAME)";
				SWIFT_VERSION = 5.0;
				TARGETED_DEVICE_FAMILY = "1,2";
			};
			name = Debug;
		};
		9652A21324673896003ABD63 /* Release */ = {
			isa = XCBuildConfiguration;
			buildSettings = {
				ASSETCATALOG_COMPILER_APPICON_NAME = AppIcon;
				CODE_SIGN_STYLE = Automatic;
				INFOPLIST_FILE = MatchApp/Info.plist;
				LD_RUNPATH_SEARCH_PATHS = (
					"$(inherited)",
					"@executable_path/Frameworks",
				);
				PRODUCT_BUNDLE_IDENTIFIER = com.hello.MatchApp;
				PRODUCT_NAME = "$(TARGET_NAME)";
				SWIFT_VERSION = 5.0;
				TARGETED_DEVICE_FAMILY = "1,2";
			};
			name = Release;
		};
/* End XCBuildConfiguration section */

/* Begin XCConfigurationList section */
		9652A1F824673891003ABD63 /* Build configuration list for PBXProject "MatchApp" */ = {
			isa = XCConfigurationList;
			buildConfigurations = (
				9652A20F24673896003ABD63 /* Debug */,
				9652A21024673896003ABD63 /* Release */,
			);
			defaultConfigurationIsVisible = 0;
			defaultConfigurationName = Release;
		};
		9652A21124673896003ABD63 /* Build configuration list for PBXNativeTarget "MatchApp" */ = {
			isa = XCConfigurationList;
			buildConfigurations = (
				9652A21224673896003ABD63 /* Debug */,
				9652A21324673896003ABD63 /* Release */,
			);
			defaultConfigurationIsVisible = 0;
			defaultConfigurationName = Release;
		};
/* End XCConfigurationList section */
	};
	rootObject = 9652A1F524673891003ABD63 /* Project object */;
}
